{
  "R": {
    "Version": "4.2.0",
    "Repositories": [
      {
        "Name": "CRAN",
        "URL": "https://cloud.r-project.org"
      }
    ]
  },
  "Packages": {
    "renv": {
      "Package": "renv",
      "Version": "1.0.3",
      "Source": "Repository",
      "Repository": "CRAN"
    },
    "oddpub": {
      "Package": "oddpub",
      "Version": "7.2.3",
      "Source": "GitHub",
      "RemoteType": "github",
      "RemoteHost": "api.github.com",
      "RemoteRepo": "oddpub",
      "RemoteUsername": "quest-bih",
      "RemoteRef": "HEAD",
      "RemoteSha": "master",
      "Requirements": [
        "stringr",
        "pdftools",
        "tokenizers"
      ]
    },
    "future": {
      "Package": "future",
      "Version": "1.33.0",
      "Source": "Repository",
      "Repository": "CRAN",
      "Requirements": [
        "globals",
        "listenv",
        "parallelly"
      ]
    },
    "furrr": {
      "Package": "furrr",
      "Version": "0.3.1",
      "Source": "Repository",
      "Repository": "CRAN",
      "Requirements": [
        "future",
        "globals",
        "purrr",
        "rlang"
      ]
    },
    "progressr": {
      "Package": "progressr",
      "Version": "0.14.0",
      "Source": "Repository",
      "Repository": "CRAN"
    },
    "stringr": {
      "Package": "stringr",
      "Version": "1.5.0",
      "Source": "Repository",
      "Repository": "CRAN",
      "Requirements": [
        "stringi"
      ]
    },
    "pdftools": {
      "Package": "pdftools",
      "Version": "3.4.0",
      "Source": "Repository",
      "Repository": "CRAN",
      "Requirements": [
        "Rcpp",
        "qpdf"
      ]
    },
    "tokenizers": {
      "Package": "tokenizers",
      "Version": "0.3.0",
      "Source": "Repository",
      "Repository": "CRAN",
      "Requirements": [
        "Rcpp",
        "SnowballC",
        "stringi"
      ]
    },
    "devtools": {
      "Package": "devtools",
      "Version": "2.4.5",
      "Source": "Repository",
      "Repository": "CRAN",
      "Requirements": [
        "usethis",
        "remotes",
        "pkgbuild"
      ]
    }
  }
}
